
Microsoft Visual Studio Solution File, Format Version 12.00
# Visual Studio Version 17
VisualStudioVersion = 17.4.33213.308
MinimumVisualStudioVersion = 10.0.40219.1
Project("{FAE04EC0-301F-11D3-BF4B-00C04F79EFBC}") = "CallFromReactCart", "CallFromReactCart\CallFromReactCart.csproj", "{15872342-BC1C-4972-966E-826E65A775E1}"
EndProject
Global
	GlobalSection(SolutionConfigurationPlatforms) = preSolution
		Debug|Any CPU = Debug|Any CPU
		Release|Any CPU = Release|Any CPU
	EndGlobalSection
	GlobalSection(ProjectConfigurationPlatforms) = postSolution
		{15872342-BC1C-4972-966E-826E65A775E1}.Debug|Any CPU.ActiveCfg = Debug|Any CPU
		{15872342-BC1C-4972-966E-826E65A775E1}.Debug|Any CPU.Build.0 = Debug|Any CPU
		{15872342-BC1C-4972-966E-826E65A775E1}.Release|Any CPU.ActiveCfg = Release|Any CPU
		{15872342-BC1C-4972-966E-826E65A775E1}.Release|Any CPU.Build.0 = Release|Any CPU
	EndGlobalSection
	GlobalSection(SolutionProperties) = preSolution
		HideSolutionNode = FALSE
	EndGlobalSection
	GlobalSection(ExtensibilityGlobals) = postSolution
		SolutionGuid = {B7F52F36-5DE6-4BDF-889A-11E209F3F93B}
	EndGlobalSection
EndGlobal
